
Microsoft Visual Studio Solution File, Format Version 12.00
# Visual Studio 15
VisualStudioVersion = 15.0.28307.329
MinimumVisualStudioVersion = 10.0.40219.1
Project("{8BC9CEB8-8B4A-11D0-8D11-00A0C91BC942}") = "scanner", "scanner\scanner.vcxproj", "{40AC0A83-1798-41F2-9C24-6A302EBB7364}"
EndProject
Global
	GlobalSection(SolutionConfigurationPlatforms) = preSolution
		Debug|x64 = Debug|x64
		Debug|x86 = Debug|x86
		Release|x64 = Release|x64
		Release|x86 = Release|x86
	EndGlobalSection
	GlobalSection(ProjectConfigurationPlatforms) = postSolution
		{40AC0A83-1798-41F2-9C24-6A302EBB7364}.Debug|x64.ActiveCfg = Debug|x64
		{40AC0A83-1798-41F2-9C24-6A302EBB7364}.Debug|x64.Build.0 = Debug|x64
		{40AC0A83-1798-41F2-9C24-6A302EBB7364}.Debug|x86.ActiveCfg = Debug|Win32
		{40AC0A83-1798-41F2-9C24-6A302EBB7364}.Debug|x86.Build.0 = Debug|Win32
		{40AC0A83-1798-41F2-9C24-6A302EBB7364}.Release|x64.ActiveCfg = Release|x64
		{40AC0A83-1798-41F2-9C24-6A302EBB7364}.Release|x64.Build.0 = Release|x64
		{40AC0A83-1798-41F2-9C24-6A302EBB7364}.Release|x86.ActiveCfg = Release|Win32
		{40AC0A83-1798-41F2-9C24-6A302EBB7364}.Release|x86.Build.0 = Release|Win32
	EndGlobalSection
	GlobalSection(SolutionProperties) = preSolution
		HideSolutionNode = FALSE
	EndGlobalSection
	GlobalSection(ExtensibilityGlobals) = postSolution
		SolutionGuid = {CDF96208-307F-4005-AF1D-36C7C8DB0C7A}
	EndGlobalSection
EndGlobal
